
Microsoft Visual Studio Solution File, Format Version 12.00
# Visual Studio Version 17
VisualStudioVersion = 17.12.35707.178 d17.12
MinimumVisualStudioVersion = 10.0.40219.1
Project("{FAE04EC0-301F-11D3-BF4B-00C04F79EFBC}") = "NederlandseLoterij.API", "NederlandseLoterij.API\NederlandseLoterij.API.csproj", "{F1F177FB-7668-43A8-B069-F8B37C0E7DFA}"
EndProject
Project("{FAE04EC0-301F-11D3-BF4B-00C04F79EFBC}") = "NederlandseLoterij.Infrastructure", "NederlandseLoterij.Infrastructure\NederlandseLoterij.Infrastructure.csproj", "{6AECEBCB-C00A-47EB-9F1C-EA27CA4951A0}"
EndProject
Project("{FAE04EC0-301F-11D3-BF4B-00C04F79EFBC}") = "NederlandseLoterij.Application", "NederlandseLoterij.Application\NederlandseLoterij.Application.csproj", "{8E697AFD-B48F-4090-939C-1C2835F4E585}"
EndProject
Project("{FAE04EC0-301F-11D3-BF4B-00C04F79EFBC}") = "NederlandseLoterij.Domain", "NederlandseLoterij.Domain\NederlandseLoterij.Domain.csproj", "{773CAA36-A545-42F8-B8B7-B88D095BD5DC}"
EndProject
Project("{FAE04EC0-301F-11D3-BF4B-00C04F79EFBC}") = "NederlandseLoterij.Application.Tests", "NederlandseLoterij.Application.Tests\NederlandseLoterij.Application.Tests.csproj", "{70D60399-47A5-4336-8256-CC0DA75F7387}"
EndProject
Project("{FAE04EC0-301F-11D3-BF4B-00C04F79EFBC}") = "NederlandseLoterij.Infrastructure.Tests", "NederlandseLoterij.Infrastructure.Tests\NederlandseLoterij.Infrastructure.Tests.csproj", "{4ECB30E7-2438-424B-B28C-87F15AEE9757}"
EndProject
Global
	GlobalSection(SolutionConfigurationPlatforms) = preSolution
		Debug|Any CPU = Debug|Any CPU
		Release|Any CPU = Release|Any CPU
	EndGlobalSection
	GlobalSection(ProjectConfigurationPlatforms) = postSolution
		{F1F177FB-7668-43A8-B069-F8B37C0E7DFA}.Debug|Any CPU.ActiveCfg = Debug|Any CPU
		{F1F177FB-7668-43A8-B069-F8B37C0E7DFA}.Debug|Any CPU.Build.0 = Debug|Any CPU
		{F1F177FB-7668-43A8-B069-F8B37C0E7DFA}.Release|Any CPU.ActiveCfg = Release|Any CPU
		{F1F177FB-7668-43A8-B069-F8B37C0E7DFA}.Release|Any CPU.Build.0 = Release|Any CPU
		{6AECEBCB-C00A-47EB-9F1C-EA27CA4951A0}.Debug|Any CPU.ActiveCfg = Debug|Any CPU
		{6AECEBCB-C00A-47EB-9F1C-EA27CA4951A0}.Debug|Any CPU.Build.0 = Debug|Any CPU
		{6AECEBCB-C00A-47EB-9F1C-EA27CA4951A0}.Release|Any CPU.ActiveCfg = Release|Any CPU
		{6AECEBCB-C00A-47EB-9F1C-EA27CA4951A0}.Release|Any CPU.Build.0 = Release|Any CPU
		{8E697AFD-B48F-4090-939C-1C2835F4E585}.Debug|Any CPU.ActiveCfg = Debug|Any CPU
		{8E697AFD-B48F-4090-939C-1C2835F4E585}.Debug|Any CPU.Build.0 = Debug|Any CPU
		{8E697AFD-B48F-4090-939C-1C2835F4E585}.Release|Any CPU.ActiveCfg = Release|Any CPU
		{8E697AFD-B48F-4090-939C-1C2835F4E585}.Release|Any CPU.Build.0 = Release|Any CPU
		{773CAA36-A545-42F8-B8B7-B88D095BD5DC}.Debug|Any CPU.ActiveCfg = Debug|Any CPU
		{773CAA36-A545-42F8-B8B7-B88D095BD5DC}.Debug|Any CPU.Build.0 = Debug|Any CPU
		{773CAA36-A545-42F8-B8B7-B88D095BD5DC}.Release|Any CPU.ActiveCfg = Release|Any CPU
		{773CAA36-A545-42F8-B8B7-B88D095BD5DC}.Release|Any CPU.Build.0 = Release|Any CPU
		{70D60399-47A5-4336-8256-CC0DA75F7387}.Debug|Any CPU.ActiveCfg = Debug|Any CPU
		{70D60399-47A5-4336-8256-CC0DA75F7387}.Debug|Any CPU.Build.0 = Debug|Any CPU
		{70D60399-47A5-4336-8256-CC0DA75F7387}.Release|Any CPU.ActiveCfg = Release|Any CPU
		{70D60399-47A5-4336-8256-CC0DA75F7387}.Release|Any CPU.Build.0 = Release|Any CPU
		{4ECB30E7-2438-424B-B28C-87F15AEE9757}.Debug|Any CPU.ActiveCfg = Debug|Any CPU
		{4ECB30E7-2438-424B-B28C-87F15AEE9757}.Debug|Any CPU.Build.0 = Debug|Any CPU
		{4ECB30E7-2438-424B-B28C-87F15AEE9757}.Release|Any CPU.ActiveCfg = Release|Any CPU
		{4ECB30E7-2438-424B-B28C-87F15AEE9757}.Release|Any CPU.Build.0 = Release|Any CPU
	EndGlobalSection
	GlobalSection(SolutionProperties) = preSolution
		HideSolutionNode = FALSE
	EndGlobalSection
EndGlobal
